
Microsoft Visual Studio Solution File, Format Version 12.00
# Visual Studio Version 16
VisualStudioVersion = 16.0.30204.135
MinimumVisualStudioVersion = 10.0.40219.1
Project("{FAE04EC0-301F-11D3-BF4B-00C04F79EFBC}") = "CoCaro", "CoCaro\CoCaro.csproj", "{74B63FD6-454C-4D62-B08D-4B24515B94E2}"
EndProject
Global
	GlobalSection(SolutionConfigurationPlatforms) = preSolution
		Debug|Any CPU = Debug|Any CPU
		Release|Any CPU = Release|Any CPU
	EndGlobalSection
	GlobalSection(ProjectConfigurationPlatforms) = postSolution
		{74B63FD6-454C-4D62-B08D-4B24515B94E2}.Debug|Any CPU.ActiveCfg = Debug|Any CPU
		{74B63FD6-454C-4D62-B08D-4B24515B94E2}.Debug|Any CPU.Build.0 = Debug|Any CPU
		{74B63FD6-454C-4D62-B08D-4B24515B94E2}.Release|Any CPU.ActiveCfg = Release|Any CPU
		{74B63FD6-454C-4D62-B08D-4B24515B94E2}.Release|Any CPU.Build.0 = Release|Any CPU
	EndGlobalSection
	GlobalSection(SolutionProperties) = preSolution
		HideSolutionNode = FALSE
	EndGlobalSection
	GlobalSection(ExtensibilityGlobals) = postSolution
		SolutionGuid = {0D55BE8B-F6AA-4252-9D10-77A9073B88A7}
	EndGlobalSection
EndGlobal
